// !$*UTF8*$!
{
	archiveVersion = 1;
	classes = {
	};
	objectVersion = 46;
	objects = {

/* Begin PBXBuildFile section */
		D3DFE3181A9142A4003C6A1C /* main.m in Sources */ = {isa = PBXBuildFile; fileRef = D3DFE3171A9142A4003C6A1C /* main.m */; };
		D3DFE31B1A9142A4003C6A1C /* AppDelegate.m in Sources */ = {isa = PBXBuildFile; fileRef = D3DFE31A1A9142A4003C6A1C /* AppDelegate.m */; };
		D3DFE31E1A9142A4003C6A1C /* ViewController.m in Sources */ = {isa = PBXBuildFile; fileRef = D3DFE31D1A9142A4003C6A1C /* ViewController.m */; };
		D3DFE3211A9142A4003C6A1C /* Main.storyboard in Resources */ = {isa = PBXBuildFile; fileRef = D3DFE31F1A9142A4003C6A1C /* Main.storyboard */; };
		D3DFE3231A9142A4003C6A1C /* Images.xcassets in Resources */ = {isa = PBXBuildFile; fileRef = D3DFE3221A9142A4003C6A1C /* Images.xcassets */; };
		D3DFE3261A9142A4003C6A1C /* LaunchScreen.xib in Resources */ = {isa = PBXBuildFile; fileRef = D3DFE3241A9142A4003C6A1C /* LaunchScreen.xib */; };
		D3DFE3321A9142A4003C6A1C /* Oaxaca_MapsTests.m in Sources */ = {isa = PBXBuildFile; fileRef = D3DFE3311A9142A4003C6A1C /* Oaxaca_MapsTests.m */; };
/* End PBXBuildFile section */

/* Begin PBXContainerItemProxy section */
		D3DFE32C1A9142A4003C6A1C /* PBXContainerItemProxy */ = {
			isa = PBXContainerItemProxy;
			containerPortal = D3DFE30A1A9142A4003C6A1C /* Project object */;
			proxyType = 1;
			remoteGlobalIDString = D3DFE3111A9142A4003C6A1C;
			remoteInfo = "Oaxaca-Maps";
		};
/* End PBXContainerItemProxy section */

/* Begin PBXFileReference section */
		D3DFE3121A9142A4003C6A1C /* Oaxaca-Maps.app */ = {isa = PBXFileReference; explicitFileType = wrapper.application; includeInIndex = 0; path = "Oaxaca-Maps.app"; sourceTree = BUILT_PRODUCTS_DIR; };
		D3DFE3161A9142A4003C6A1C /* Info.plist */ = {isa = PBXFileReference; lastKnownFileType = text.plist.xml; path = Info.plist; sourceTree = "<group>"; };
		D3DFE3171A9142A4003C6A1C /* main.m */ = {isa = PBXFileReference; lastKnownFileType = sourcecode.c.objc; path = main.m; sourceTree = "<group>"; };
		D3DFE3191A9142A4003C6A1C /* AppDelegate.h */ = {isa = PBXFileReference; lastKnownFileType = sourcecode.c.h; path = AppDelegate.h; sourceTree = "<group>"; };
		D3DFE31A1A9142A4003C6A1C /* AppDelegate.m */ = {isa = PBXFileReference; lastKnownFileType = sourcecode.c.objc; path = AppDelegate.m; sourceTree = "<group>"; };
		D3DFE31C1A9142A4003C6A1C /* ViewController.h */ = {isa = PBXFileReference; lastKnownFileType = sourcecode.c.h; path = ViewController.h; sourceTree = "<group>"; };
		D3DFE31D1A9142A4003C6A1C /* ViewController.m */ = {isa = PBXFileReference; lastKnownFileType = sourcecode.c.objc; path = ViewController.m; sourceTree = "<group>"; };
		D3DFE3201A9142A4003C6A1C /* Base */ = {isa = PBXFileReference; lastKnownFileType = file.storyboard; name = Base; path = Base.lproj/Main.storyboard; sourceTree = "<group>"; };
		D3DFE3221A9142A4003C6A1C /* Images.xcassets */ = {isa = PBXFileReference; lastKnownFileType = folder.assetcatalog; path = Images.xcassets; sourceTree = "<group>"; };
		D3DFE3251A9142A4003C6A1C /* Base */ = {isa = PBXFileReference; lastKnownFileType = file.xib; name = Base; path = Base.lproj/LaunchScreen.xib; sourceTree = "<group>"; };
		D3DFE32B1A9142A4003C6A1C /* Oaxaca-MapsTests.xctest */ = {isa = PBXFileReference; explicitFileType = wrapper.cfbundle; includeInIndex = 0; path = "Oaxaca-MapsTests.xctest"; sourceTree = BUILT_PRODUCTS_DIR; };
		D3DFE3301A9142A4003C6A1C /* Info.plist */ = {isa = PBXFileReference; lastKnownFileType = text.plist.xml; path = Info.plist; sourceTree = "<group>"; };
		D3DFE3311A9142A4003C6A1C /* Oaxaca_MapsTests.m */ = {isa = PBXFileReference; lastKnownFileType = sourcecode.c.objc; path = Oaxaca_MapsTests.m; sourceTree = "<group>"; };
/* End PBXFileReference section */

/* Begin PBXFrameworksBuildPhase section */
		D3DFE30F1A9142A4003C6A1C /* Frameworks */ = {
			isa = PBXFrameworksBuildPhase;
			buildActionMask = 2147483647;
			files = (
			);
			runOnlyForDeploymentPostprocessing = 0;
		};
		D3DFE3281A9142A4003C6A1C /* Frameworks */ = {
			isa = PBXFrameworksBuildPhase;
			buildActionMask = 2147483647;
			files = (
			);
			runOnlyForDeploymentPostprocessing = 0;
		};
/* End PBXFrameworksBuildPhase section */

/* Begin PBXGroup section */
		D3DFE3091A9142A4003C6A1C = {
			isa = PBXGroup;
			children = (
				D3DFE3141A9142A4003C6A1C /* Oaxaca-Maps */,
				D3DFE32E1A9142A4003C6A1C /* Oaxaca-MapsTests */,
				D3DFE3131A9142A4003C6A1C /* Products */,
			);
			sourceTree = "<group>";
		};
		D3DFE3131A9142A4003C6A1C /* Products */ = {
			isa = PBXGroup;
			children = (
				D3DFE3121A9142A4003C6A1C /* Oaxaca-Maps.app */,
				D3DFE32B1A9142A4003C6A1C /* Oaxaca-MapsTests.xctest */,
			);
			name = Products;
			sourceTree = "<group>";
		};
		D3DFE3141A9142A4003C6A1C /* Oaxaca-Maps */ = {
			isa = PBXGroup;
			children = (
				D3DFE3191A9142A4003C6A1C /* AppDelegate.h */,
				D3DFE31A1A9142A4003C6A1C /* AppDelegate.m */,
				D3DFE31C1A9142A4003C6A1C /* ViewController.h */,
				D3DFE31D1A9142A4003C6A1C /* ViewController.m */,
				D3DFE31F1A9142A4003C6A1C /* Main.storyboard */,
				D3DFE3221A9142A4003C6A1C /* Images.xcassets */,
				D3DFE3241A9142A4003C6A1C /* LaunchScreen.xib */,
				D3DFE3151A9142A4003C6A1C /* Supporting Files */,
			);
			path = "Oaxaca-Maps";
			sourceTree = "<group>";
		};
		D3DFE3151A9142A4003C6A1C /* Supporting Files */ = {
			isa = PBXGroup;
			children = (
				D3DFE3161A9142A4003C6A1C /* Info.plist */,
				D3DFE3171A9142A4003C6A1C /* main.m */,
			);
			name = "Supporting Files";
			sourceTree = "<group>";
		};
		D3DFE32E1A9142A4003C6A1C /* Oaxaca-MapsTests */ = {
			isa = PBXGroup;
			children = (
				D3DFE3311A9142A4003C6A1C /* Oaxaca_MapsTests.m */,
				D3DFE32F1A9142A4003C6A1C /* Supporting Files */,
			);
			path = "Oaxaca-MapsTests";
			sourceTree = "<group>";
		};
		D3DFE32F1A9142A4003C6A1C /* Supporting Files */ = {
			isa = PBXGroup;
			children = (
				D3DFE3301A9142A4003C6A1C /* Info.plist */,
			);
			name = "Supporting Files";
			sourceTree = "<group>";
		};
/* End PBXGroup section */

/* Begin PBXNativeTarget section */
		D3DFE3111A9142A4003C6A1C /* Oaxaca-Maps */ = {
			isa = PBXNativeTarget;
			buildConfigurationList = D3DFE3351A9142A4003C6A1C /* Build configuration list for PBXNativeTarget "Oaxaca-Maps" */;
			buildPhases = (
				D3DFE30E1A9142A4003C6A1C /* Sources */,
				D3DFE30F1A9142A4003C6A1C /* Frameworks */,
				D3DFE3101A9142A4003C6A1C /* Resources */,
			);
			buildRules = (
			);
			dependencies = (
			);
			name = "Oaxaca-Maps";
			productName = "Oaxaca-Maps";
			productReference = D3DFE3121A9142A4003C6A1C /* Oaxaca-Maps.app */;
			productType = "com.apple.product-type.application";
		};
		D3DFE32A1A9142A4003C6A1C /* Oaxaca-MapsTests */ = {
			isa = PBXNativeTarget;
			buildConfigurationList = D3DFE3381A9142A4003C6A1C /* Build configuration list for PBXNativeTarget "Oaxaca-MapsTests" */;
			buildPhases = (
				D3DFE3271A9142A4003C6A1C /* Sources */,
				D3DFE3281A9142A4003C6A1C /* Frameworks */,
				D3DFE3291A9142A4003C6A1C /* Resources */,
			);
			buildRules = (
			);
			dependencies = (
				D3DFE32D1A9142A4003C6A1C /* PBXTargetDependency */,
			);
			name = "Oaxaca-MapsTests";
			productName = "Oaxaca-MapsTests";
			productReference = D3DFE32B1A9142A4003C6A1C /* Oaxaca-MapsTests.xctest */;
			productType = "com.apple.product-type.bundle.unit-test";
		};
/* End PBXNativeTarget section */

/* Begin PBXProject section */
		D3DFE30A1A9142A4003C6A1C /* Project object */ = {
			isa = PBXProject;
			attributes = {
				LastUpgradeCheck = 0610;
				ORGANIZATIONNAME = AlbertoCorderoArellanes;
				TargetAttributes = {
					D3DFE3111A9142A4003C6A1C = {
						CreatedOnToolsVersion = 6.1.1;
					};
					D3DFE32A1A9142A4003C6A1C = {
						CreatedOnToolsVersion = 6.1.1;
						TestTargetID = D3DFE3111A9142A4003C6A1C;
					};
				};
			};
			buildConfigurationList = D3DFE30D1A9142A4003C6A1C /* Build configuration list for PBXProject "Oaxaca-Maps" */;
			compatibilityVersion = "Xcode 3.2";
			developmentRegion = English;
			hasScannedForEncodings = 0;
			knownRegions = (
				en,
				Base,
			);
			mainGroup = D3DFE3091A9142A4003C6A1C;
			productRefGroup = D3DFE3131A9142A4003C6A1C /* Products */;
			projectDirPath = "";
			projectRoot = "";
			targets = (
				D3DFE3111A9142A4003C6A1C /* Oaxaca-Maps */,
				D3DFE32A1A9142A4003C6A1C /* Oaxaca-MapsTests */,
			);
		};
/* End PBXProject section */

/* Begin PBXResourcesBuildPhase section */
		D3DFE3101A9142A4003C6A1C /* Resources */ = {
			isa = PBXResourcesBuildPhase;
			buildActionMask = 2147483647;
			files = (
				D3DFE3211A9142A4003C6A1C /* Main.storyboard in Resources */,
				D3DFE3261A9142A4003C6A1C /* LaunchScreen.xib in Resources */,
				D3DFE3231A9142A4003C6A1C /* Images.xcassets in Resources */,
			);
			runOnlyForDeploymentPostprocessing = 0;
		};
		D3DFE3291A9142A4003C6A1C /* Resources */ = {
			isa = PBXResourcesBuildPhase;
			buildActionMask = 2147483647;
			files = (
			);
			runOnlyForDeploymentPostprocessing = 0;
		};
/* End PBXResourcesBuildPhase section */

/* Begin PBXSourcesBuildPhase section */
		D3DFE30E1A9142A4003C6A1C /* Sources */ = {
			isa = PBXSourcesBuildPhase;
			buildActionMask = 2147483647;
			files = (
				D3DFE31E1A9142A4003C6A1C /* ViewController.m in Sources */,
				D3DFE31B1A9142A4003C6A1C /* AppDelegate.m in Sources */,
				D3DFE3181A9142A4003C6A1C /* main.m in Sources */,
			);
			runOnlyForDeploymentPostprocessing = 0;
		};
		D3DFE3271A9142A4003C6A1C /* Sources */ = {
			isa = PBXSourcesBuildPhase;
			buildActionMask = 2147483647;
			files = (
				D3DFE3321A9142A4003C6A1C /* Oaxaca_MapsTests.m in Sources */,
			);
			runOnlyForDeploymentPostprocessing = 0;
		};
/* End PBXSourcesBuildPhase section */

/* Begin PBXTargetDependency section */
		D3DFE32D1A9142A4003C6A1C /* PBXTargetDependency */ = {
			isa = PBXTargetDependency;
			target = D3DFE3111A9142A4003C6A1C /* Oaxaca-Maps */;
			targetProxy = D3DFE32C1A9142A4003C6A1C /* PBXContainerItemProxy */;
		};
/* End PBXTargetDependency section */

/* Begin PBXVariantGroup section */
		D3DFE31F1A9142A4003C6A1C /* Main.storyboard */ = {
			isa = PBXVariantGroup;
			children = (
				D3DFE3201A9142A4003C6A1C /* Base */,
			);
			name = Main.storyboard;
			sourceTree = "<group>";
		};
		D3DFE3241A9142A4003C6A1C /* LaunchScreen.xib */ = {
			isa = PBXVariantGroup;
			children = (
				D3DFE3251A9142A4003C6A1C /* Base */,
			);
			name = LaunchScreen.xib;
			sourceTree = "<group>";
		};
/* End PBXVariantGroup section */

/* Begin XCBuildConfiguration section */
		D3DFE3331A9142A4003C6A1C /* Debug */ = {
			isa = XCBuildConfiguration;
			buildSettings = {
				ALWAYS_SEARCH_USER_PATHS = NO;
				CLANG_CXX_LANGUAGE_STANDARD = "gnu++0x";
				CLANG_CXX_LIBRARY = "libc++";
				CLANG_ENABLE_MODULES = YES;
				CLANG_ENABLE_OBJC_ARC = YES;
				CLANG_WARN_BOOL_CONVERSION = YES;
				CLANG_WARN_CONSTANT_CONVERSION = YES;
				CLANG_WARN_DIRECT_OBJC_ISA_USAGE = YES_ERROR;
				CLANG_WARN_EMPTY_BODY = YES;
				CLANG_WARN_ENUM_CONVERSION = YES;
				CLANG_WARN_INT_CONVERSION = YES;
				CLANG_WARN_OBJC_ROOT_CLASS = YES_ERROR;
				CLANG_WARN_UNREACHABLE_CODE = YES;
				CLANG_WARN__DUPLICATE_METHOD_MATCH = YES;
				"CODE_SIGN_IDENTITY[sdk=iphoneos*]" = "iPhone Developer";
				COPY_PHASE_STRIP = NO;
				ENABLE_STRICT_OBJC_MSGSEND = YES;
				GCC_C_LANGUAGE_STANDARD = gnu99;
				GCC_DYNAMIC_NO_PIC = NO;
				GCC_OPTIMIZATION_LEVEL = 0;
				GCC_PREPROCESSOR_DEFINITIONS = (
					"DEBUG=1",
					"$(inherited)",
				);
				GCC_SYMBOLS_PRIVATE_EXTERN = NO;
				GCC_WARN_64_TO_32_BIT_CONVERSION = YES;
				GCC_WARN_ABOUT_RETURN_TYPE = YES_ERROR;
				GCC_WARN_UNDECLARED_SELECTOR = YES;
				GCC_WARN_UNINITIALIZED_AUTOS = YES_AGGRESSIVE;
				GCC_WARN_UNUSED_FUNCTION = YES;
				GCC_WARN_UNUSED_VARIABLE = YES;
				IPHONEOS_DEPLOYMENT_TARGET = 8.1;
				MTL_ENABLE_DEBUG_INFO = YES;
				ONLY_ACTIVE_ARCH = YES;
				SDKROOT = iphoneos;
				TARGETED_DEVICE_FAMILY = "1,2";
			};
			name = Debug;
		};
		D3DFE3341A9142A4003C6A1C /* Release */ = {
			isa = XCBuildConfiguration;
			buildSettings = {
				ALWAYS_SEARCH_USER_PATHS = NO;
				CLANG_CXX_LANGUAGE_STANDARD = "gnu++0x";
				CLANG_CXX_LIBRARY = "libc++";
				CLANG_ENABLE_MODULES = YES;
				CLANG_ENABLE_OBJC_ARC = YES;
				CLANG_WARN_BOOL_CONVERSION = YES;
				CLANG_WARN_CONSTANT_CONVERSION = YES;
				CLANG_WARN_DIRECT_OBJC_ISA_USAGE = YES_ERROR;
				CLANG_WARN_EMPTY_BODY = YES;
				CLANG_WARN_ENUM_CONVERSION = YES;
				CLANG_WARN_INT_CONVERSION = YES;
				CLANG_WARN_OBJC_ROOT_CLASS = YES_ERROR;
				CLANG_WARN_UNREACHABLE_CODE = YES;
				CLANG_WARN__DUPLICATE_METHOD_MATCH = YES;
				"CODE_SIGN_IDENTITY[sdk=iphoneos*]" = "iPhone Developer";
				COPY_PHASE_STRIP = YES;
				ENABLE_NS_ASSERTIONS = NO;
				ENABLE_STRICT_OBJC_MSGSEND = YES;
				GCC_C_LANGUAGE_STANDARD = gnu99;
				GCC_WARN_64_TO_32_BIT_CONVERSION = YES;
				GCC_WARN_ABOUT_RETURN_TYPE = YES_ERROR;
				GCC_WARN_UNDECLARED_SELECTOR = YES;
				GCC_WARN_UNINITIALIZED_AUTOS = YES_AGGRESSIVE;
				GCC_WARN_UNUSED_FUNCTION = YES;
				GCC_WARN_UNUSED_VARIABLE = YES;
				IPHONEOS_DEPLOYMENT_TARGET = 8.1;
				MTL_ENABLE_DEBUG_INFO = NO;
				SDKROOT = iphoneos;
				TARGETED_DEVICE_FAMILY = "1,2";
				VALIDATE_PRODUCT = YES;
			};
			name = Release;
		};
		D3DFE3361A9142A4003C6A1C /* Debug */ = {
			isa = XCBuildConfiguration;
			buildSettings = {
				ASSETCATALOG_COMPILER_APPICON_NAME = AppIcon;
				INFOPLIST_FILE = "Oaxaca-Maps/Info.plist";
				LD_RUNPATH_SEARCH_PATHS = "$(inherited) @executable_path/Frameworks";
				PRODUCT_NAME = "$(TARGET_NAME)";
			};
			name = Debug;
		};
		D3DFE3371A9142A4003C6A1C /* Release */ = {
			isa = XCBuildConfiguration;
			buildSettings = {
				ASSETCATALOG_COMPILER_APPICON_NAME = AppIcon;
				INFOPLIST_FILE = "Oaxaca-Maps/Info.plist";
				LD_RUNPATH_SEARCH_PATHS = "$(inherited) @executable_path/Frameworks";
				PRODUCT_NAME = "$(TARGET_NAME)";
			};
			name = Release;
		};
		D3DFE3391A9142A4003C6A1C /* Debug */ = {
			isa = XCBuildConfiguration;
			buildSettings = {
				BUNDLE_LOADER = "$(TEST_HOST)";
				FRAMEWORK_SEARCH_PATHS = (
					"$(SDKROOT)/Developer/Library/Frameworks",
					"$(inherited)",
				);
				GCC_PREPROCESSOR_DEFINITIONS = (
					"DEBUG=1",
					"$(inherited)",
				);
				INFOPLIST_FILE = "Oaxaca-MapsTests/Info.plist";
				LD_RUNPATH_SEARCH_PATHS = "$(inherited) @executable_path/Frameworks @loader_path/Frameworks";
				PRODUCT_NAME = "$(TARGET_NAME)";
				TEST_HOST = "$(BUILT_PRODUCTS_DIR)/Oaxaca-Maps.app/Oaxaca-Maps";
			};
			name = Debug;
		};
		D3DFE33A1A9142A4003C6A1C /* Release */ = {
			isa = XCBuildConfiguration;
			buildSettings = {
				BUNDLE_LOADER = "$(TEST_HOST)";
				FRAMEWORK_SEARCH_PATHS = (
					"$(SDKROOT)/Developer/Library/Frameworks",
					"$(inherited)",
				);
				INFOPLIST_FILE = "Oaxaca-MapsTests/Info.plist";
				LD_RUNPATH_SEARCH_PATHS = "$(inherited) @executable_path/Frameworks @loader_path/Frameworks";
				PRODUCT_NAME = "$(TARGET_NAME)";
				TEST_HOST = "$(BUILT_PRODUCTS_DIR)/Oaxaca-Maps.app/Oaxaca-Maps";
			};
			name = Release;
		};
/* End XCBuildConfiguration section */

/* Begin XCConfigurationList section */
		D3DFE30D1A9142A4003C6A1C /* Build configuration list for PBXProject "Oaxaca-Maps" */ = {
			isa = XCConfigurationList;
			buildConfigurations = (
				D3DFE3331A9142A4003C6A1C /* Debug */,
				D3DFE3341A9142A4003C6A1C /* Release */,
			);
			defaultConfigurationIsVisible = 0;
			defaultConfigurationName = Release;
		};
		D3DFE3351A9142A4003C6A1C /* Build configuration list for PBXNativeTarget "Oaxaca-Maps" */ = {
			isa = XCConfigurationList;
			buildConfigurations = (
				D3DFE3361A9142A4003C6A1C /* Debug */,
				D3DFE3371A9142A4003C6A1C /* Release */,
			);
			defaultConfigurationIsVisible = 0;
		};
		D3DFE3381A9142A4003C6A1C /* Build configuration list for PBXNativeTarget "Oaxaca-MapsTests" */ = {
			isa = XCConfigurationList;
			buildConfigurations = (
				D3DFE3391A9142A4003C6A1C /* Debug */,
				D3DFE33A1A9142A4003C6A1C /* Release */,
			);
			defaultConfigurationIsVisible = 0;
		};
/* End XCConfigurationList section */
	};
	rootObject = D3DFE30A1A9142A4003C6A1C /* Project object */;
}
